
Microsoft Visual Studio Solution File, Format Version 12.00
# Visual Studio Version 16
VisualStudioVersion = 16.0.30011.22
MinimumVisualStudioVersion = 10.0.40219.1
Project("{FAE04EC0-301F-11D3-BF4B-00C04F79EFBC}") = "lab-FoodTracker", "lab-FoodTracker.csproj", "{C929D204-78A6-46D2-940B-0CFAB81A0B31}"
EndProject
Global
	GlobalSection(SolutionConfigurationPlatforms) = preSolution
		Debug|Any CPU = Debug|Any CPU
		Release|Any CPU = Release|Any CPU
	EndGlobalSection
	GlobalSection(ProjectConfigurationPlatforms) = postSolution
		{C929D204-78A6-46D2-940B-0CFAB81A0B31}.Debug|Any CPU.ActiveCfg = Debug|Any CPU
		{C929D204-78A6-46D2-940B-0CFAB81A0B31}.Debug|Any CPU.Build.0 = Debug|Any CPU
		{C929D204-78A6-46D2-940B-0CFAB81A0B31}.Release|Any CPU.ActiveCfg = Release|Any CPU
		{C929D204-78A6-46D2-940B-0CFAB81A0B31}.Release|Any CPU.Build.0 = Release|Any CPU
	EndGlobalSection
	GlobalSection(SolutionProperties) = preSolution
		HideSolutionNode = FALSE
	EndGlobalSection
	GlobalSection(ExtensibilityGlobals) = postSolution
		SolutionGuid = {B4133175-F475-44B4-BAA0-9D3915BB8AFE}
	EndGlobalSection
EndGlobal
